
Microsoft Visual Studio Solution File, Format Version 12.00
# Visual Studio Version 17
VisualStudioVersion = 17.9.34728.123
MinimumVisualStudioVersion = 10.0.40219.1
Project("{9A19103F-16F7-4668-BE54-9A1E7A4F7556}") = "MyApp.UI", "MyApp.UI\MyApp.UI.csproj", "{A98818D4-3C58-4B9E-9166-4E50A22FB9E6}"
EndProject
Project("{9A19103F-16F7-4668-BE54-9A1E7A4F7556}") = "MyApp.BLL", "MyApp.BLL\MyApp.BLL.csproj", "{06CCD5AE-BDE4-4F95-B76A-71E821E5B539}"
EndProject
Project("{9A19103F-16F7-4668-BE54-9A1E7A4F7556}") = "MyApp.DAL", "MyApp.DAL\MyApp.DAL.csproj", "{1CBF3269-4EBC-41B4-B446-C83C99B8A6CC}"
EndProject
Global
	GlobalSection(SolutionConfigurationPlatforms) = preSolution
		Debug|Any CPU = Debug|Any CPU
		Release|Any CPU = Release|Any CPU
	EndGlobalSection
	GlobalSection(ProjectConfigurationPlatforms) = postSolution
		{A98818D4-3C58-4B9E-9166-4E50A22FB9E6}.Debug|Any CPU.ActiveCfg = Debug|Any CPU
		{A98818D4-3C58-4B9E-9166-4E50A22FB9E6}.Debug|Any CPU.Build.0 = Debug|Any CPU
		{A98818D4-3C58-4B9E-9166-4E50A22FB9E6}.Release|Any CPU.ActiveCfg = Release|Any CPU
		{A98818D4-3C58-4B9E-9166-4E50A22FB9E6}.Release|Any CPU.Build.0 = Release|Any CPU
		{06CCD5AE-BDE4-4F95-B76A-71E821E5B539}.Debug|Any CPU.ActiveCfg = Debug|Any CPU
		{06CCD5AE-BDE4-4F95-B76A-71E821E5B539}.Debug|Any CPU.Build.0 = Debug|Any CPU
		{06CCD5AE-BDE4-4F95-B76A-71E821E5B539}.Release|Any CPU.ActiveCfg = Release|Any CPU
		{06CCD5AE-BDE4-4F95-B76A-71E821E5B539}.Release|Any CPU.Build.0 = Release|Any CPU
		{1CBF3269-4EBC-41B4-B446-C83C99B8A6CC}.Debug|Any CPU.ActiveCfg = Debug|Any CPU
		{1CBF3269-4EBC-41B4-B446-C83C99B8A6CC}.Debug|Any CPU.Build.0 = Debug|Any CPU
		{1CBF3269-4EBC-41B4-B446-C83C99B8A6CC}.Release|Any CPU.ActiveCfg = Release|Any CPU
		{1CBF3269-4EBC-41B4-B446-C83C99B8A6CC}.Release|Any CPU.Build.0 = Release|Any CPU
	EndGlobalSection
	GlobalSection(SolutionProperties) = preSolution
		HideSolutionNode = FALSE
	EndGlobalSection
	GlobalSection(ExtensibilityGlobals) = postSolution
		SolutionGuid = {437A61FF-E131-4F7E-B0B8-E8F3D07B74CE}
	EndGlobalSection
EndGlobal
